
Microsoft Visual Studio Solution File, Format Version 12.00
# Visual Studio Version 17
VisualStudioVersion = 17.11.35222.181
MinimumVisualStudioVersion = 10.0.40219.1
Project("{FAE04EC0-301F-11D3-BF4B-00C04F79EFBC}") = "GriftBusiness.Api", "GriftBusiness.Api\GriftBusiness.Api.csproj", "{695AD34B-A112-492E-9C76-7F97F0B9B808}"
EndProject
Project("{FAE04EC0-301F-11D3-BF4B-00C04F79EFBC}") = "GriftBusiness.Tests", "GriftBusiness.Tests\GriftBusiness.Tests.csproj", "{4FDA353B-3C15-44CA-8F83-4D344D5E0F1A}"
EndProject
Global
	GlobalSection(SolutionConfigurationPlatforms) = preSolution
		Debug|Any CPU = Debug|Any CPU
		Release|Any CPU = Release|Any CPU
	EndGlobalSection
	GlobalSection(ProjectConfigurationPlatforms) = postSolution
		{695AD34B-A112-492E-9C76-7F97F0B9B808}.Debug|Any CPU.ActiveCfg = Debug|Any CPU
		{695AD34B-A112-492E-9C76-7F97F0B9B808}.Debug|Any CPU.Build.0 = Debug|Any CPU
		{695AD34B-A112-492E-9C76-7F97F0B9B808}.Release|Any CPU.ActiveCfg = Release|Any CPU
		{695AD34B-A112-492E-9C76-7F97F0B9B808}.Release|Any CPU.Build.0 = Release|Any CPU
		{4FDA353B-3C15-44CA-8F83-4D344D5E0F1A}.Debug|Any CPU.ActiveCfg = Debug|Any CPU
		{4FDA353B-3C15-44CA-8F83-4D344D5E0F1A}.Debug|Any CPU.Build.0 = Debug|Any CPU
		{4FDA353B-3C15-44CA-8F83-4D344D5E0F1A}.Release|Any CPU.ActiveCfg = Release|Any CPU
		{4FDA353B-3C15-44CA-8F83-4D344D5E0F1A}.Release|Any CPU.Build.0 = Release|Any CPU
	EndGlobalSection
	GlobalSection(SolutionProperties) = preSolution
		HideSolutionNode = FALSE
	EndGlobalSection
	GlobalSection(ExtensibilityGlobals) = postSolution
		SolutionGuid = {8329AA6C-C877-4551-A508-298C081DE625}
	EndGlobalSection
EndGlobal
